
Microsoft Visual Studio Solution File, Format Version 12.00
# Visual Studio Version 17
VisualStudioVersion = 17.13.35806.99 d17.13
MinimumVisualStudioVersion = 10.0.40219.1
Project("{FAE04EC0-301F-11D3-BF4B-00C04F79EFBC}") = "LOP_Server", "LOP_Server.csproj", "{8470B7CC-E05C-495E-BC2F-AE0C1F184962}"
EndProject
Global
	GlobalSection(SolutionConfigurationPlatforms) = preSolution
		Debug|Any CPU = Debug|Any CPU
		Release|Any CPU = Release|Any CPU
	EndGlobalSection
	GlobalSection(ProjectConfigurationPlatforms) = postSolution
		{8470B7CC-E05C-495E-BC2F-AE0C1F184962}.Debug|Any CPU.ActiveCfg = Debug|Any CPU
		{8470B7CC-E05C-495E-BC2F-AE0C1F184962}.Debug|Any CPU.Build.0 = Debug|Any CPU
		{8470B7CC-E05C-495E-BC2F-AE0C1F184962}.Release|Any CPU.ActiveCfg = Release|Any CPU
		{8470B7CC-E05C-495E-BC2F-AE0C1F184962}.Release|Any CPU.Build.0 = Release|Any CPU
	EndGlobalSection
	GlobalSection(SolutionProperties) = preSolution
		HideSolutionNode = FALSE
	EndGlobalSection
	GlobalSection(ExtensibilityGlobals) = postSolution
		SolutionGuid = {1F317969-7C4F-4975-861B-88C469B2B6FC}
	EndGlobalSection
EndGlobal
